
Microsoft Visual Studio Solution File, Format Version 12.00
# Visual Studio Version 16
VisualStudioVersion = 16.0.29215.179
MinimumVisualStudioVersion = 10.0.40219.1
Project("{FAE04EC0-301F-11D3-BF4B-00C04F79EFBC}") = "TestAutomationFramework.SpecFlow", "TestAutomationFramework.SpecFlow.csproj", "{FAAED171-370B-4375-8CEE-65BE08570D1D}"
EndProject
Project("{FAE04EC0-301F-11D3-BF4B-00C04F79EFBC}") = "BLL", "..\BLL\BLL.csproj", "{D025D89D-864E-4C9E-B0A2-83E84707F8E5}"
EndProject
Global
	GlobalSection(SolutionConfigurationPlatforms) = preSolution
		Debug|Any CPU = Debug|Any CPU
		Release|Any CPU = Release|Any CPU
	EndGlobalSection
	GlobalSection(ProjectConfigurationPlatforms) = postSolution
		{FAAED171-370B-4375-8CEE-65BE08570D1D}.Debug|Any CPU.ActiveCfg = Debug|Any CPU
		{FAAED171-370B-4375-8CEE-65BE08570D1D}.Debug|Any CPU.Build.0 = Debug|Any CPU
		{FAAED171-370B-4375-8CEE-65BE08570D1D}.Release|Any CPU.ActiveCfg = Release|Any CPU
		{FAAED171-370B-4375-8CEE-65BE08570D1D}.Release|Any CPU.Build.0 = Release|Any CPU
		{D025D89D-864E-4C9E-B0A2-83E84707F8E5}.Debug|Any CPU.ActiveCfg = Debug|Any CPU
		{D025D89D-864E-4C9E-B0A2-83E84707F8E5}.Debug|Any CPU.Build.0 = Debug|Any CPU
		{D025D89D-864E-4C9E-B0A2-83E84707F8E5}.Release|Any CPU.ActiveCfg = Release|Any CPU
		{D025D89D-864E-4C9E-B0A2-83E84707F8E5}.Release|Any CPU.Build.0 = Release|Any CPU
	EndGlobalSection
	GlobalSection(SolutionProperties) = preSolution
		HideSolutionNode = FALSE
	EndGlobalSection
	GlobalSection(ExtensibilityGlobals) = postSolution
		SolutionGuid = {4D91661F-2C5B-4B84-B0A7-39FF5B82ED72}
	EndGlobalSection
EndGlobal
